Microsoft Visual Studio Solution File, Format Version 11.00
# Visual Studio 2008

Project("{74E9A393-39C5-048B-7220-5435EC5D1204}") = "BAT Bat bat GAME Game game Final Jam Build", "Assembly-CSharp.csproj", "{6D5B1D99-61A2-6793-2874-0C2D236D7B2E}"
EndProject
Global
	GlobalSection(SolutionConfigurationPlatforms) = preSolution
		Debug|Any CPU = Debug|Any CPU
		Release|Any CPU = Release|Any CPU
	EndGlobalSection
	GlobalSection(ProjectConfigurationPlatforms) = postSolution
		{6D5B1D99-61A2-6793-2874-0C2D236D7B2E}.Debug|Any CPU.ActiveCfg = Debug|Any CPU
		{6D5B1D99-61A2-6793-2874-0C2D236D7B2E}.Debug|Any CPU.Build.0 = Debug|Any CPU
		{6D5B1D99-61A2-6793-2874-0C2D236D7B2E}.Release|Any CPU.ActiveCfg = Release|Any CPU
		{6D5B1D99-61A2-6793-2874-0C2D236D7B2E}.Release|Any CPU.Build.0 = Release|Any CPU
	EndGlobalSection
	GlobalSection(SolutionProperties) = preSolution
		HideSolutionNode = FALSE
	EndGlobalSection
	GlobalSection(MonoDevelopProperties) = preSolution
		StartupItem = Assembly-CSharp.csproj
	EndGlobalSection
EndGlobal
